
Microsoft Visual Studio Solution File, Format Version 12.00
# Visual Studio Version 17
VisualStudioVersion = 17.14.36109.1 d17.14
MinimumVisualStudioVersion = 10.0.40219.1
Project("{FAE04EC0-301F-11D3-BF4B-00C04F79EFBC}") = "Presentation", "Presentation\Presentation.csproj", "{58926C71-C446-41CA-850A-1A8ED91BF103}"
EndProject
Global
	GlobalSection(SolutionConfigurationPlatforms) = preSolution
		Debug|Any CPU = Debug|Any CPU
		Release|Any CPU = Release|Any CPU
	EndGlobalSection
	GlobalSection(ProjectConfigurationPlatforms) = postSolution
		{58926C71-C446-41CA-850A-1A8ED91BF103}.Debug|Any CPU.ActiveCfg = Debug|Any CPU
		{58926C71-C446-41CA-850A-1A8ED91BF103}.Debug|Any CPU.Build.0 = Debug|Any CPU
		{58926C71-C446-41CA-850A-1A8ED91BF103}.Release|Any CPU.ActiveCfg = Release|Any CPU
		{58926C71-C446-41CA-850A-1A8ED91BF103}.Release|Any CPU.Build.0 = Release|Any CPU
	EndGlobalSection
	GlobalSection(SolutionProperties) = preSolution
		HideSolutionNode = FALSE
	EndGlobalSection
	GlobalSection(ExtensibilityGlobals) = postSolution
		SolutionGuid = {BE1B29BE-1CC1-4CF2-869C-A224AE89AC05}
	EndGlobalSection
EndGlobal
